
Microsoft Visual Studio Solution File, Format Version 11.00
# Visual Studio 2010
Project("{FAE04EC0-301F-11D3-BF4B-00C04F79EFBC}") = "TechNetNavigator", "TechNetNavigator\TechNetNavigator.csproj", "{23C9D129-7C84-41BF-948D-E76F32CFC483}"
EndProject
Global
	GlobalSection(SolutionConfigurationPlatforms) = preSolution
		Debug|Any CPU = Debug|Any CPU
		Release|Any CPU = Release|Any CPU
	EndGlobalSection
	GlobalSection(ProjectConfigurationPlatforms) = postSolution
		{23C9D129-7C84-41BF-948D-E76F32CFC483}.Debug|Any CPU.ActiveCfg = Debug|Any CPU
		{23C9D129-7C84-41BF-948D-E76F32CFC483}.Debug|Any CPU.Build.0 = Debug|Any CPU
		{23C9D129-7C84-41BF-948D-E76F32CFC483}.Debug|Any CPU.Deploy.0 = Debug|Any CPU
		{23C9D129-7C84-41BF-948D-E76F32CFC483}.Release|Any CPU.ActiveCfg = Release|Any CPU
		{23C9D129-7C84-41BF-948D-E76F32CFC483}.Release|Any CPU.Build.0 = Release|Any CPU
		{23C9D129-7C84-41BF-948D-E76F32CFC483}.Release|Any CPU.Deploy.0 = Release|Any CPU
	EndGlobalSection
	GlobalSection(SolutionProperties) = preSolution
		HideSolutionNode = FALSE
	EndGlobalSection
EndGlobal
